// !$*UTF8*$!
{
	archiveVersion = 1;
	classes = {
	};
	objectVersion = 56;
	objects = {

/* Begin PBXBuildFile section */
		BFA29FAD2B6C327D003FB68C /* NewFoodView.swift in Sources */ = {isa = PBXBuildFile; fileRef = BFA29FAC2B6C327D003FB68C /* NewFoodView.swift */; };
		BFA29FAF2B6C3283003FB68C /* NewRecipeView.swift in Sources */ = {isa = PBXBuildFile; fileRef = BFA29FAE2B6C3283003FB68C /* NewRecipeView.swift */; };
		BFA29FB12B6C328A003FB68C /* NewMealView.swift in Sources */ = {isa = PBXBuildFile; fileRef = BFA29FB02B6C328A003FB68C /* NewMealView.swift */; };
		BFA29FB42B6C4508003FB68C /* StringLength.swift in Sources */ = {isa = PBXBuildFile; fileRef = BFA29FB32B6C4508003FB68C /* StringLength.swift */; };
		BFA29FB62B6C7FF5003FB68C /* Placeholder.swift in Sources */ = {isa = PBXBuildFile; fileRef = BFA29FB52B6C7FF5003FB68C /* Placeholder.swift */; };
		BFA29FB92B6C80C1003FB68C /* NutritionInput.swift in Sources */ = {isa = PBXBuildFile; fileRef = BFA29FB82B6C80C1003FB68C /* NutritionInput.swift */; };
		BFA29FBB2B6DA736003FB68C /* BannerView.swift in Sources */ = {isa = PBXBuildFile; fileRef = BFA29FBA2B6DA736003FB68C /* BannerView.swift */; };
		BFA29FBD2B6DA762003FB68C /* BannerManager.swift in Sources */ = {isa = PBXBuildFile; fileRef = BFA29FBC2B6DA762003FB68C /* BannerManager.swift */; };
		BFE46D662B69E196004C9639 /* CalorieTrackerApp.swift in Sources */ = {isa = PBXBuildFile; fileRef = BFE46D652B69E196004C9639 /* CalorieTrackerApp.swift */; };
		BFE46D682B69E196004C9639 /* ContentView.swift in Sources */ = {isa = PBXBuildFile; fileRef = BFE46D672B69E196004C9639 /* ContentView.swift */; };
		BFE46D6A2B69E198004C9639 /* Assets.xcassets in Resources */ = {isa = PBXBuildFile; fileRef = BFE46D692B69E198004C9639 /* Assets.xcassets */; };
		BFE46D6D2B69E198004C9639 /* Preview Assets.xcassets in Resources */ = {isa = PBXBuildFile; fileRef = BFE46D6C2B69E198004C9639 /* Preview Assets.xcassets */; };
		BFE46D752B69E232004C9639 /* FoodItem.swift in Sources */ = {isa = PBXBuildFile; fileRef = BFE46D742B69E232004C9639 /* FoodItem.swift */; };
		BFE46D782B69ECFF004C9639 /* Units.swift in Sources */ = {isa = PBXBuildFile; fileRef = BFE46D772B69ECFF004C9639 /* Units.swift */; };
		BFE46D7A2B69F1F5004C9639 /* FoodEntry.swift in Sources */ = {isa = PBXBuildFile; fileRef = BFE46D792B69F1F5004C9639 /* FoodEntry.swift */; };
		BFE46D7C2B69F336004C9639 /* Recipe.swift in Sources */ = {isa = PBXBuildFile; fileRef = BFE46D7B2B69F336004C9639 /* Recipe.swift */; };
		BFE46D7E2B69F33B004C9639 /* Meal.swift in Sources */ = {isa = PBXBuildFile; fileRef = BFE46D7D2B69F33B004C9639 /* Meal.swift */; };
		BFE46D812B6A27D5004C9639 /* HomeScreenView.swift in Sources */ = {isa = PBXBuildFile; fileRef = BFE46D802B6A27D5004C9639 /* HomeScreenView.swift */; };
		BFE46D832B6A27F6004C9639 /* FoodLibraryView.swift in Sources */ = {isa = PBXBuildFile; fileRef = BFE46D822B6A27F6004C9639 /* FoodLibraryView.swift */; };
		BFE46D852B6A2F10004C9639 /* ViewRouter.swift in Sources */ = {isa = PBXBuildFile; fileRef = BFE46D842B6A2F10004C9639 /* ViewRouter.swift */; };
		BFE46D872B6A316C004C9639 /* PopUpMenu.swift in Sources */ = {isa = PBXBuildFile; fileRef = BFE46D862B6A316C004C9639 /* PopUpMenu.swift */; };
		BFE46D892B6ACB59004C9639 /* TabMenu.swift in Sources */ = {isa = PBXBuildFile; fileRef = BFE46D882B6ACB59004C9639 /* TabMenu.swift */; };
/* End PBXBuildFile section */

/* Begin PBXFileReference section */
		BFA29FAC2B6C327D003FB68C /* NewFoodView.swift */ = {isa = PBXFileReference; lastKnownFileType = sourcecode.swift; path = NewFoodView.swift; sourceTree = "<group>"; };
		BFA29FAE2B6C3283003FB68C /* NewRecipeView.swift */ = {isa = PBXFileReference; lastKnownFileType = sourcecode.swift; path = NewRecipeView.swift; sourceTree = "<group>"; };
		BFA29FB02B6C328A003FB68C /* NewMealView.swift */ = {isa = PBXFileReference; lastKnownFileType = sourcecode.swift; path = NewMealView.swift; sourceTree = "<group>"; };
		BFA29FB32B6C4508003FB68C /* StringLength.swift */ = {isa = PBXFileReference; lastKnownFileType = sourcecode.swift; path = StringLength.swift; sourceTree = "<group>"; };
		BFA29FB52B6C7FF5003FB68C /* Placeholder.swift */ = {isa = PBXFileReference; lastKnownFileType = sourcecode.swift; path = Placeholder.swift; sourceTree = "<group>"; };
		BFA29FB82B6C80C1003FB68C /* NutritionInput.swift */ = {isa = PBXFileReference; lastKnownFileType = sourcecode.swift; path = NutritionInput.swift; sourceTree = "<group>"; };
		BFA29FBA2B6DA736003FB68C /* BannerView.swift */ = {isa = PBXFileReference; lastKnownFileType = sourcecode.swift; path = BannerView.swift; sourceTree = "<group>"; };
		BFA29FBC2B6DA762003FB68C /* BannerManager.swift */ = {isa = PBXFileReference; lastKnownFileType = sourcecode.swift; path = BannerManager.swift; sourceTree = "<group>"; };
		BFE46D622B69E196004C9639 /* CalorieTracker.app */ = {isa = PBXFileReference; explicitFileType = wrapper.application; includeInIndex = 0; path = CalorieTracker.app; sourceTree = BUILT_PRODUCTS_DIR; };
		BFE46D652B69E196004C9639 /* CalorieTrackerApp.swift */ = {isa = PBXFileReference; lastKnownFileType = sourcecode.swift; path = CalorieTrackerApp.swift; sourceTree = "<group>"; };
		BFE46D672B69E196004C9639 /* ContentView.swift */ = {isa = PBXFileReference; lastKnownFileType = sourcecode.swift; path = ContentView.swift; sourceTree = "<group>"; };
		BFE46D692B69E198004C9639 /* Assets.xcassets */ = {isa = PBXFileReference; lastKnownFileType = folder.assetcatalog; path = Assets.xcassets; sourceTree = "<group>"; };
		BFE46D6C2B69E198004C9639 /* Preview Assets.xcassets */ = {isa = PBXFileReference; lastKnownFileType = folder.assetcatalog; path = "Preview Assets.xcassets"; sourceTree = "<group>"; };
		BFE46D742B69E232004C9639 /* FoodItem.swift */ = {isa = PBXFileReference; lastKnownFileType = sourcecode.swift; path = FoodItem.swift; sourceTree = "<group>"; };
		BFE46D772B69ECFF004C9639 /* Units.swift */ = {isa = PBXFileReference; lastKnownFileType = sourcecode.swift; path = Units.swift; sourceTree = "<group>"; };
		BFE46D792B69F1F5004C9639 /* FoodEntry.swift */ = {isa = PBXFileReference; lastKnownFileType = sourcecode.swift; path = FoodEntry.swift; sourceTree = "<group>"; };
		BFE46D7B2B69F336004C9639 /* Recipe.swift */ = {isa = PBXFileReference; lastKnownFileType = sourcecode.swift; path = Recipe.swift; sourceTree = "<group>"; };
		BFE46D7D2B69F33B004C9639 /* Meal.swift */ = {isa = PBXFileReference; lastKnownFileType = sourcecode.swift; path = Meal.swift; sourceTree = "<group>"; };
		BFE46D802B6A27D5004C9639 /* HomeScreenView.swift */ = {isa = PBXFileReference; lastKnownFileType = sourcecode.swift; path = HomeScreenView.swift; sourceTree = "<group>"; };
		BFE46D822B6A27F6004C9639 /* FoodLibraryView.swift */ = {isa = PBXFileReference; lastKnownFileType = sourcecode.swift; path = FoodLibraryView.swift; sourceTree = "<group>"; };
		BFE46D842B6A2F10004C9639 /* ViewRouter.swift */ = {isa = PBXFileReference; lastKnownFileType = sourcecode.swift; path = ViewRouter.swift; sourceTree = "<group>"; };
		BFE46D862B6A316C004C9639 /* PopUpMenu.swift */ = {isa = PBXFileReference; lastKnownFileType = sourcecode.swift; path = PopUpMenu.swift; sourceTree = "<group>"; };
		BFE46D882B6ACB59004C9639 /* TabMenu.swift */ = {isa = PBXFileReference; lastKnownFileType = sourcecode.swift; path = TabMenu.swift; sourceTree = "<group>"; };
/* End PBXFileReference section */

/* Begin PBXFrameworksBuildPhase section */
		BFE46D5F2B69E196004C9639 /* Frameworks */ = {
			isa = PBXFrameworksBuildPhase;
			buildActionMask = 2147483647;
			files = (
			);
			runOnlyForDeploymentPostprocessing = 0;
		};
/* End PBXFrameworksBuildPhase section */

/* Begin PBXGroup section */
		BFA29FB22B6C3323003FB68C /* TabBar */ = {
			isa = PBXGroup;
			children = (
				BFE46D862B6A316C004C9639 /* PopUpMenu.swift */,
				BFE46D882B6ACB59004C9639 /* TabMenu.swift */,
			);
			path = TabBar;
			sourceTree = "<group>";
		};
		BFA29FB72B6C80B2003FB68C /* Components */ = {
			isa = PBXGroup;
			children = (
				BFA29FB82B6C80C1003FB68C /* NutritionInput.swift */,
				BFA29FBA2B6DA736003FB68C /* BannerView.swift */,
			);
			path = Components;
			sourceTree = "<group>";
		};
		BFE46D592B69E196004C9639 = {
			isa = PBXGroup;
			children = (
				BFE46D642B69E196004C9639 /* CalorieTracker */,
				BFE46D632B69E196004C9639 /* Products */,
			);
			sourceTree = "<group>";
		};
		BFE46D632B69E196004C9639 /* Products */ = {
			isa = PBXGroup;
			children = (
				BFE46D622B69E196004C9639 /* CalorieTracker.app */,
			);
			name = Products;
			sourceTree = "<group>";
		};
		BFE46D642B69E196004C9639 /* CalorieTracker */ = {
			isa = PBXGroup;
			children = (
				BFA29FB72B6C80B2003FB68C /* Components */,
				BFE46D732B69E226004C9639 /* Model */,
				BFE46D762B69ECF7004C9639 /* Utils */,
				BFE46D7F2B6A27AE004C9639 /* Views */,
				BFE46D652B69E196004C9639 /* CalorieTrackerApp.swift */,
				BFE46D672B69E196004C9639 /* ContentView.swift */,
				BFE46D692B69E198004C9639 /* Assets.xcassets */,
				BFE46D6B2B69E198004C9639 /* Preview Content */,
				BFE46D842B6A2F10004C9639 /* ViewRouter.swift */,
			);
			path = CalorieTracker;
			sourceTree = "<group>";
		};
		BFE46D6B2B69E198004C9639 /* Preview Content */ = {
			isa = PBXGroup;
			children = (
				BFE46D6C2B69E198004C9639 /* Preview Assets.xcassets */,
			);
			path = "Preview Content";
			sourceTree = "<group>";
		};
		BFE46D732B69E226004C9639 /* Model */ = {
			isa = PBXGroup;
			children = (
				BFE46D742B69E232004C9639 /* FoodItem.swift */,
				BFE46D792B69F1F5004C9639 /* FoodEntry.swift */,
				BFE46D7B2B69F336004C9639 /* Recipe.swift */,
				BFE46D7D2B69F33B004C9639 /* Meal.swift */,
			);
			path = Model;
			sourceTree = "<group>";
		};
		BFE46D762B69ECF7004C9639 /* Utils */ = {
			isa = PBXGroup;
			children = (
				BFE46D772B69ECFF004C9639 /* Units.swift */,
				BFA29FB32B6C4508003FB68C /* StringLength.swift */,
				BFA29FB52B6C7FF5003FB68C /* Placeholder.swift */,
				BFA29FBC2B6DA762003FB68C /* BannerManager.swift */,
			);
			path = Utils;
			sourceTree = "<group>";
		};
		BFE46D7F2B6A27AE004C9639 /* Views */ = {
			isa = PBXGroup;
			children = (
				BFA29FB22B6C3323003FB68C /* TabBar */,
				BFE46D802B6A27D5004C9639 /* HomeScreenView.swift */,
				BFE46D822B6A27F6004C9639 /* FoodLibraryView.swift */,
				BFA29FAC2B6C327D003FB68C /* NewFoodView.swift */,
				BFA29FAE2B6C3283003FB68C /* NewRecipeView.swift */,
				BFA29FB02B6C328A003FB68C /* NewMealView.swift */,
			);
			path = Views;
			sourceTree = "<group>";
		};
/* End PBXGroup section */

/* Begin PBXNativeTarget section */
		BFE46D612B69E196004C9639 /* CalorieTracker */ = {
			isa = PBXNativeTarget;
			buildConfigurationList = BFE46D702B69E198004C9639 /* Build configuration list for PBXNativeTarget "CalorieTracker" */;
			buildPhases = (
				BFE46D5E2B69E196004C9639 /* Sources */,
				BFE46D5F2B69E196004C9639 /* Frameworks */,
				BFE46D602B69E196004C9639 /* Resources */,
			);
			buildRules = (
			);
			dependencies = (
			);
			name = CalorieTracker;
			productName = CalorieTracker;
			productReference = BFE46D622B69E196004C9639 /* CalorieTracker.app */;
			productType = "com.apple.product-type.application";
		};
/* End PBXNativeTarget section */

/* Begin PBXProject section */
		BFE46D5A2B69E196004C9639 /* Project object */ = {
			isa = PBXProject;
			attributes = {
				BuildIndependentTargetsInParallel = 1;
				LastSwiftUpdateCheck = 1510;
				LastUpgradeCheck = 1510;
				TargetAttributes = {
					BFE46D612B69E196004C9639 = {
						CreatedOnToolsVersion = 15.1;
					};
				};
			};
			buildConfigurationList = BFE46D5D2B69E196004C9639 /* Build configuration list for PBXProject "CalorieTracker" */;
			compatibilityVersion = "Xcode 14.0";
			developmentRegion = en;
			hasScannedForEncodings = 0;
			knownRegions = (
				en,
				Base,
			);
			mainGroup = BFE46D592B69E196004C9639;
			productRefGroup = BFE46D632B69E196004C9639 /* Products */;
			projectDirPath = "";
			projectRoot = "";
			targets = (
				BFE46D612B69E196004C9639 /* CalorieTracker */,
			);
		};
/* End PBXProject section */

/* Begin PBXResourcesBuildPhase section */
		BFE46D602B69E196004C9639 /* Resources */ = {
			isa = PBXResourcesBuildPhase;
			buildActionMask = 2147483647;
			files = (
				BFE46D6D2B69E198004C9639 /* Preview Assets.xcassets in Resources */,
				BFE46D6A2B69E198004C9639 /* Assets.xcassets in Resources */,
			);
			runOnlyForDeploymentPostprocessing = 0;
		};
/* End PBXResourcesBuildPhase section */

/* Begin PBXSourcesBuildPhase section */
		BFE46D5E2B69E196004C9639 /* Sources */ = {
			isa = PBXSourcesBuildPhase;
			buildActionMask = 2147483647;
			files = (
				BFE46D682B69E196004C9639 /* ContentView.swift in Sources */,
				BFE46D7A2B69F1F5004C9639 /* FoodEntry.swift in Sources */,
				BFA29FBB2B6DA736003FB68C /* BannerView.swift in Sources */,
				BFE46D7E2B69F33B004C9639 /* Meal.swift in Sources */,
				BFE46D782B69ECFF004C9639 /* Units.swift in Sources */,
				BFE46D812B6A27D5004C9639 /* HomeScreenView.swift in Sources */,
				BFE46D872B6A316C004C9639 /* PopUpMenu.swift in Sources */,
				BFA29FB42B6C4508003FB68C /* StringLength.swift in Sources */,
				BFA29FB92B6C80C1003FB68C /* NutritionInput.swift in Sources */,
				BFE46D852B6A2F10004C9639 /* ViewRouter.swift in Sources */,
				BFE46D7C2B69F336004C9639 /* Recipe.swift in Sources */,
				BFE46D892B6ACB59004C9639 /* TabMenu.swift in Sources */,
				BFE46D752B69E232004C9639 /* FoodItem.swift in Sources */,
				BFE46D832B6A27F6004C9639 /* FoodLibraryView.swift in Sources */,
				BFA29FAF2B6C3283003FB68C /* NewRecipeView.swift in Sources */,
				BFA29FBD2B6DA762003FB68C /* BannerManager.swift in Sources */,
				BFA29FAD2B6C327D003FB68C /* NewFoodView.swift in Sources */,
				BFA29FB12B6C328A003FB68C /* NewMealView.swift in Sources */,
				BFE46D662B69E196004C9639 /* CalorieTrackerApp.swift in Sources */,
				BFA29FB62B6C7FF5003FB68C /* Placeholder.swift in Sources */,
			);
			runOnlyForDeploymentPostprocessing = 0;
		};
/* End PBXSourcesBuildPhase section */

/* Begin XCBuildConfiguration section */
		BFE46D6E2B69E198004C9639 /* Debug */ = {
			isa = XCBuildConfiguration;
			buildSettings = {
				ALWAYS_SEARCH_USER_PATHS = NO;
				ASSETCATALOG_COMPILER_GENERATE_SWIFT_ASSET_SYMBOL_EXTENSIONS = YES;
				CLANG_ANALYZER_NONNULL = YES;
				CLANG_ANALYZER_NUMBER_OBJECT_CONVERSION = YES_AGGRESSIVE;
				CLANG_CXX_LANGUAGE_STANDARD = "gnu++20";
				CLANG_ENABLE_MODULES = YES;
				CLANG_ENABLE_OBJC_ARC = YES;
				CLANG_ENABLE_OBJC_WEAK = YES;
				CLANG_WARN_BLOCK_CAPTURE_AUTORELEASING = YES;
				CLANG_WARN_BOOL_CONVERSION = YES;
				CLANG_WARN_COMMA = YES;
				CLANG_WARN_CONSTANT_CONVERSION = YES;
				CLANG_WARN_DEPRECATED_OBJC_IMPLEMENTATIONS = YES;
				CLANG_WARN_DIRECT_OBJC_ISA_USAGE = YES_ERROR;
				CLANG_WARN_DOCUMENTATION_COMMENTS = YES;
				CLANG_WARN_EMPTY_BODY = YES;
				CLANG_WARN_ENUM_CONVERSION = YES;
				CLANG_WARN_INFINITE_RECURSION = YES;
				CLANG_WARN_INT_CONVERSION = YES;
				CLANG_WARN_NON_LITERAL_NULL_CONVERSION = YES;
				CLANG_WARN_OBJC_IMPLICIT_RETAIN_SELF = YES;
				CLANG_WARN_OBJC_LITERAL_CONVERSION = YES;
				CLANG_WARN_OBJC_ROOT_CLASS = YES_ERROR;
				CLANG_WARN_QUOTED_INCLUDE_IN_FRAMEWORK_HEADER = YES;
				CLANG_WARN_RANGE_LOOP_ANALYSIS = YES;
				CLANG_WARN_STRICT_PROTOTYPES = YES;
				CLANG_WARN_SUSPICIOUS_MOVE = YES;
				CLANG_WARN_UNGUARDED_AVAILABILITY = YES_AGGRESSIVE;
				CLANG_WARN_UNREACHABLE_CODE = YES;
				CLANG_WARN__DUPLICATE_METHOD_MATCH = YES;
				COPY_PHASE_STRIP = NO;
				DEBUG_INFORMATION_FORMAT = dwarf;
				ENABLE_STRICT_OBJC_MSGSEND = YES;
				ENABLE_TESTABILITY = YES;
				ENABLE_USER_SCRIPT_SANDBOXING = YES;
				GCC_C_LANGUAGE_STANDARD = gnu17;
				GCC_DYNAMIC_NO_PIC = NO;
				GCC_NO_COMMON_BLOCKS = YES;
				GCC_OPTIMIZATION_LEVEL = 0;
				GCC_PREPROCESSOR_DEFINITIONS = (
					"DEBUG=1",
					"$(inherited)",
				);
				GCC_WARN_64_TO_32_BIT_CONVERSION = YES;
				GCC_WARN_ABOUT_RETURN_TYPE = YES_ERROR;
				GCC_WARN_UNDECLARED_SELECTOR = YES;
				GCC_WARN_UNINITIALIZED_AUTOS = YES_AGGRESSIVE;
				GCC_WARN_UNUSED_FUNCTION = YES;
				GCC_WARN_UNUSED_VARIABLE = YES;
				IPHONEOS_DEPLOYMENT_TARGET = 17.2;
				LOCALIZATION_PREFERS_STRING_CATALOGS = YES;
				MTL_ENABLE_DEBUG_INFO = INCLUDE_SOURCE;
				MTL_FAST_MATH = YES;
				ONLY_ACTIVE_ARCH = YES;
				SDKROOT = iphoneos;
				SWIFT_ACTIVE_COMPILATION_CONDITIONS = "DEBUG $(inherited)";
				SWIFT_OPTIMIZATION_LEVEL = "-Onone";
			};
			name = Debug;
		};
		BFE46D6F2B69E198004C9639 /* Release */ = {
			isa = XCBuildConfiguration;
			buildSettings = {
				ALWAYS_SEARCH_USER_PATHS = NO;
				ASSETCATALOG_COMPILER_GENERATE_SWIFT_ASSET_SYMBOL_EXTENSIONS = YES;
				CLANG_ANALYZER_NONNULL = YES;
				CLANG_ANALYZER_NUMBER_OBJECT_CONVERSION = YES_AGGRESSIVE;
				CLANG_CXX_LANGUAGE_STANDARD = "gnu++20";
				CLANG_ENABLE_MODULES = YES;
				CLANG_ENABLE_OBJC_ARC = YES;
				CLANG_ENABLE_OBJC_WEAK = YES;
				CLANG_WARN_BLOCK_CAPTURE_AUTORELEASING = YES;
				CLANG_WARN_BOOL_CONVERSION = YES;
				CLANG_WARN_COMMA = YES;
				CLANG_WARN_CONSTANT_CONVERSION = YES;
				CLANG_WARN_DEPRECATED_OBJC_IMPLEMENTATIONS = YES;
				CLANG_WARN_DIRECT_OBJC_ISA_USAGE = YES_ERROR;
				CLANG_WARN_DOCUMENTATION_COMMENTS = YES;
				CLANG_WARN_EMPTY_BODY = YES;
				CLANG_WARN_ENUM_CONVERSION = YES;
				CLANG_WARN_INFINITE_RECURSION = YES;
				CLANG_WARN_INT_CONVERSION = YES;
				CLANG_WARN_NON_LITERAL_NULL_CONVERSION = YES;
				CLANG_WARN_OBJC_IMPLICIT_RETAIN_SELF = YES;
				CLANG_WARN_OBJC_LITERAL_CONVERSION = YES;
				CLANG_WARN_OBJC_ROOT_CLASS = YES_ERROR;
				CLANG_WARN_QUOTED_INCLUDE_IN_FRAMEWORK_HEADER = YES;
				CLANG_WARN_RANGE_LOOP_ANALYSIS = YES;
				CLANG_WARN_STRICT_PROTOTYPES = YES;
				CLANG_WARN_SUSPICIOUS_MOVE = YES;
				CLANG_WARN_UNGUARDED_AVAILABILITY = YES_AGGRESSIVE;
				CLANG_WARN_UNREACHABLE_CODE = YES;
				CLANG_WARN__DUPLICATE_METHOD_MATCH = YES;
				COPY_PHASE_STRIP = NO;
				DEBUG_INFORMATION_FORMAT = "dwarf-with-dsym";
				ENABLE_NS_ASSERTIONS = NO;
				ENABLE_STRICT_OBJC_MSGSEND = YES;
				ENABLE_USER_SCRIPT_SANDBOXING = YES;
				GCC_C_LANGUAGE_STANDARD = gnu17;
				GCC_NO_COMMON_BLOCKS = YES;
				GCC_WARN_64_TO_32_BIT_CONVERSION = YES;
				GCC_WARN_ABOUT_RETURN_TYPE = YES_ERROR;
				GCC_WARN_UNDECLARED_SELECTOR = YES;
				GCC_WARN_UNINITIALIZED_AUTOS = YES_AGGRESSIVE;
				GCC_WARN_UNUSED_FUNCTION = YES;
				GCC_WARN_UNUSED_VARIABLE = YES;
				IPHONEOS_DEPLOYMENT_TARGET = 17.2;
				LOCALIZATION_PREFERS_STRING_CATALOGS = YES;
				MTL_ENABLE_DEBUG_INFO = NO;
				MTL_FAST_MATH = YES;
				SDKROOT = iphoneos;
				SWIFT_COMPILATION_MODE = wholemodule;
				VALIDATE_PRODUCT = YES;
			};
			name = Release;
		};
		BFE46D712B69E198004C9639 /* Debug */ = {
			isa = XCBuildConfiguration;
			buildSettings = {
				ASSETCATALOG_COMPILER_APPICON_NAME = AppIcon;
				ASSETCATALOG_COMPILER_GLOBAL_ACCENT_COLOR_NAME = AccentColor;
				CODE_SIGN_STYLE = Automatic;
				CURRENT_PROJECT_VERSION = 1;
				DEVELOPMENT_ASSET_PATHS = "\"CalorieTracker/Preview Content\"";
				DEVELOPMENT_TEAM = XDD3MJCN39;
				ENABLE_PREVIEWS = YES;
				GENERATE_INFOPLIST_FILE = YES;
				INFOPLIST_KEY_UIApplicationSceneManifest_Generation = YES;
				INFOPLIST_KEY_UIApplicationSupportsIndirectInputEvents = YES;
				INFOPLIST_KEY_UILaunchScreen_Generation = YES;
				INFOPLIST_KEY_UISupportedInterfaceOrientations_iPad = "UIInterfaceOrientationPortrait UIInterfaceOrientationPortraitUpsideDown UIInterfaceOrientationLandscapeLeft UIInterfaceOrientationLandscapeRight";
				INFOPLIST_KEY_UISupportedInterfaceOrientations_iPhone = "UIInterfaceOrientationPortrait UIInterfaceOrientationLandscapeLeft UIInterfaceOrientationLandscapeRight";
				LD_RUNPATH_SEARCH_PATHS = (
					"$(inherited)",
					"@executable_path/Frameworks",
				);
				MARKETING_VERSION = 1.0;
				PRODUCT_BUNDLE_IDENTIFIER = com.louisfarmer.CalorieTracker;
				PRODUCT_NAME = "$(TARGET_NAME)";
				SWIFT_EMIT_LOC_STRINGS = YES;
				SWIFT_VERSION = 5.0;
				TARGETED_DEVICE_FAMILY = "1,2";
			};
			name = Debug;
		};
		BFE46D722B69E198004C9639 /* Release */ = {
			isa = XCBuildConfiguration;
			buildSettings = {
				ASSETCATALOG_COMPILER_APPICON_NAME = AppIcon;
				ASSETCATALOG_COMPILER_GLOBAL_ACCENT_COLOR_NAME = AccentColor;
				CODE_SIGN_STYLE = Automatic;
				CURRENT_PROJECT_VERSION = 1;
				DEVELOPMENT_ASSET_PATHS = "\"CalorieTracker/Preview Content\"";
				DEVELOPMENT_TEAM = XDD3MJCN39;
				ENABLE_PREVIEWS = YES;
				GENERATE_INFOPLIST_FILE = YES;
				INFOPLIST_KEY_UIApplicationSceneManifest_Generation = YES;
				INFOPLIST_KEY_UIApplicationSupportsIndirectInputEvents = YES;
				INFOPLIST_KEY_UILaunchScreen_Generation = YES;
				INFOPLIST_KEY_UISupportedInterfaceOrientations_iPad = "UIInterfaceOrientationPortrait UIInterfaceOrientationPortraitUpsideDown UIInterfaceOrientationLandscapeLeft UIInterfaceOrientationLandscapeRight";
				INFOPLIST_KEY_UISupportedInterfaceOrientations_iPhone = "UIInterfaceOrientationPortrait UIInterfaceOrientationLandscapeLeft UIInterfaceOrientationLandscapeRight";
				LD_RUNPATH_SEARCH_PATHS = (
					"$(inherited)",
					"@executable_path/Frameworks",
				);
				MARKETING_VERSION = 1.0;
				PRODUCT_BUNDLE_IDENTIFIER = com.louisfarmer.CalorieTracker;
				PRODUCT_NAME = "$(TARGET_NAME)";
				SWIFT_EMIT_LOC_STRINGS = YES;
				SWIFT_VERSION = 5.0;
				TARGETED_DEVICE_FAMILY = "1,2";
			};
			name = Release;
		};
/* End XCBuildConfiguration section */

/* Begin XCConfigurationList section */
		BFE46D5D2B69E196004C9639 /* Build configuration list for PBXProject "CalorieTracker" */ = {
			isa = XCConfigurationList;
			buildConfigurations = (
				BFE46D6E2B69E198004C9639 /* Debug */,
				BFE46D6F2B69E198004C9639 /* Release */,
			);
			defaultConfigurationIsVisible = 0;
			defaultConfigurationName = Release;
		};
		BFE46D702B69E198004C9639 /* Build configuration list for PBXNativeTarget "CalorieTracker" */ = {
			isa = XCConfigurationList;
			buildConfigurations = (
				BFE46D712B69E198004C9639 /* Debug */,
				BFE46D722B69E198004C9639 /* Release */,
			);
			defaultConfigurationIsVisible = 0;
			defaultConfigurationName = Release;
		};
/* End XCConfigurationList section */
	};
	rootObject = BFE46D5A2B69E196004C9639 /* Project object */;
}
